{
  "name": "nanoleaf",
  "version": "1.0.0",
  "lockfileVersion": 1,
  "requires": true,
  "dependencies": {
    "nanoleaf-aurora-client": {
      "version": "1.1.4",
      "resolved": "https://registry.npmjs.org/nanoleaf-aurora-client/-/nanoleaf-aurora-client-1.1.4.tgz",
      "integrity": "sha1-8bMP6hHC2b0t9AqYoHppyFFBNAs="
    }
  }
}
